
Microsoft Visual Studio Solution File, Format Version 12.00
# Visual Studio 15
VisualStudioVersion = 15.0.28307.136
MinimumVisualStudioVersion = 10.0.40219.1
Project("{FAE04EC0-301F-11D3-BF4B-00C04F79EFBC}") = "Snake-ConsoleGame", "Snake-ConsoleGame\Snake-ConsoleGame.csproj", "{31703809-E4FD-4AEB-92BF-FBA9AC8DFD4C}"
EndProject
Global
	GlobalSection(SolutionConfigurationPlatforms) = preSolution
		Debug|Any CPU = Debug|Any CPU
		Release|Any CPU = Release|Any CPU
	EndGlobalSection
	GlobalSection(ProjectConfigurationPlatforms) = postSolution
		{31703809-E4FD-4AEB-92BF-FBA9AC8DFD4C}.Debug|Any CPU.ActiveCfg = Debug|Any CPU
		{31703809-E4FD-4AEB-92BF-FBA9AC8DFD4C}.Debug|Any CPU.Build.0 = Debug|Any CPU
		{31703809-E4FD-4AEB-92BF-FBA9AC8DFD4C}.Release|Any CPU.ActiveCfg = Release|Any CPU
		{31703809-E4FD-4AEB-92BF-FBA9AC8DFD4C}.Release|Any CPU.Build.0 = Release|Any CPU
	EndGlobalSection
	GlobalSection(SolutionProperties) = preSolution
		HideSolutionNode = FALSE
	EndGlobalSection
	GlobalSection(ExtensibilityGlobals) = postSolution
		SolutionGuid = {3BCC7ACA-DE31-4D1F-969A-E42ED0E23C6B}
	EndGlobalSection
EndGlobal
